PODS:
  - Flutter (1.0.0)
  - flutter_beep (0.0.1):
    - Flutter
  - image_picker (0.0.1):
    - Flutter

DEPENDENCIES:
  - Flutter (from `Flutter`)
  - flutter_beep (from `.symlinks/plugins/flutter_beep/ios`)
  - image_picker (from `.symlinks/plugins/image_picker/ios`)

EXTERNAL SOURCES:
  Flutter:
    :path: Flutter
  flutter_beep:
    :path: ".symlinks/plugins/flutter_beep/ios"
  image_picker:
    :path: ".symlinks/plugins/image_picker/ios"

SPEC CHECKSUMS:
  Flutter: 0e3d915762c693b495b44d77113d4970485de6ec
  flutter_beep: 54fb393b22dfa0f0e4573c81b1c74dd71c4e5af8
  image_picker: 9c3312491f862b28d21ecd8fdf0ee14e601b3f09

PODFILE CHECKSUM: 8e679eca47255a8ca8067c4c67aab20e64cb974d

COCOAPODS: 1.9.1
